// !$*UTF8*$!
{
	archiveVersion = 1;
	classes = {
	};
	objectVersion = 56;
	objects = {

/* Begin PBXBuildFile section */
		65429B332AF97C40000062BB /* SnapKit in Frameworks */ = {isa = PBXBuildFile; productRef = 65429B322AF97C40000062BB /* SnapKit */; };
		65429B372AF97DCB000062BB /* HomeViewController.swift in Sources */ = {isa = PBXBuildFile; fileRef = 65429B362AF97DCB000062BB /* HomeViewController.swift */; };
		65429B3C2AF97E40000062BB /* HomeViewController+Design.swift in Sources */ = {isa = PBXBuildFile; fileRef = 65429B3B2AF97E40000062BB /* HomeViewController+Design.swift */; };
		6543F97A2B9A3F2E00CFD43A /* HomePresenter.swift in Sources */ = {isa = PBXBuildFile; fileRef = 6543F9792B9A3F2E00CFD43A /* HomePresenter.swift */; };
		6543F9812B9A4D0300CFD43A /* LocalizableStrings.swift in Sources */ = {isa = PBXBuildFile; fileRef = 6543F9802B9A4D0300CFD43A /* LocalizableStrings.swift */; };
		6543F9842B9A4D5F00CFD43A /* Localizable+String.swift in Sources */ = {isa = PBXBuildFile; fileRef = 6543F9832B9A4D5F00CFD43A /* Localizable+String.swift */; };
		6543F9862B9A4E2600CFD43A /* Localizable.xcstrings in Resources */ = {isa = PBXBuildFile; fileRef = 6543F9852B9A4E2600CFD43A /* Localizable.xcstrings */; };
		6543F9882B9B2E2300CFD43A /* Localizable+Strings.swift in Sources */ = {isa = PBXBuildFile; fileRef = 6543F9872B9B2E2300CFD43A /* Localizable+Strings.swift */; };
		6543F98A2B9B766800CFD43A /* String+Localizable.swift in Sources */ = {isa = PBXBuildFile; fileRef = 6543F9892B9B766800CFD43A /* String+Localizable.swift */; };
		659062C02B4B1371002C0CA7 /* ARSCNView+Extensions.swift in Sources */ = {isa = PBXBuildFile; fileRef = 659062BF2B4B1371002C0CA7 /* ARSCNView+Extensions.swift */; };
		659DE2EB2AF6C7B400608313 /* AppDelegate.swift in Sources */ = {isa = PBXBuildFile; fileRef = 659DE2EA2AF6C7B400608313 /* AppDelegate.swift */; };
		659DE2ED2AF6C7B400608313 /* SceneDelegate.swift in Sources */ = {isa = PBXBuildFile; fileRef = 659DE2EC2AF6C7B400608313 /* SceneDelegate.swift */; };
		659DE2F42AF6C7B500608313 /* Assets.xcassets in Resources */ = {isa = PBXBuildFile; fileRef = 659DE2F32AF6C7B500608313 /* Assets.xcassets */; };
		659DE31C2AF6C92C00608313 /* Resolver in Frameworks */ = {isa = PBXBuildFile; productRef = 659DE31B2AF6C92C00608313 /* Resolver */; };
		659DE31E2AF6C92C00608313 /* Resolver-Static in Frameworks */ = {isa = PBXBuildFile; productRef = 659DE31D2AF6C92C00608313 /* Resolver-Static */; };
		659DE3202AF6C94B00608313 /* AppModule.swift in Sources */ = {isa = PBXBuildFile; fileRef = 659DE31F2AF6C94B00608313 /* AppModule.swift */; };
		659DE3222AF6C9A500608313 /* AppRouter.swift in Sources */ = {isa = PBXBuildFile; fileRef = 659DE3212AF6C9A500608313 /* AppRouter.swift */; };
		65BB04C32B49F2A30037D11F /* Publisher+Extensions.swift in Sources */ = {isa = PBXBuildFile; fileRef = 65BB04B82B49F2A30037D11F /* Publisher+Extensions.swift */; };
		65BB04C42B49F2A30037D11F /* UIControlPublisher.swift in Sources */ = {isa = PBXBuildFile; fileRef = 65BB04BA2B49F2A30037D11F /* UIControlPublisher.swift */; };
		65BB04C52B49F2A30037D11F /* UIControlSubscription.swift in Sources */ = {isa = PBXBuildFile; fileRef = 65BB04BB2B49F2A30037D11F /* UIControlSubscription.swift */; };
		65BB04C62B49F2A30037D11F /* BarItemGestureSubscription.swift in Sources */ = {isa = PBXBuildFile; fileRef = 65BB04BE2B49F2A30037D11F /* BarItemGestureSubscription.swift */; };
		65BB04C72B49F2A30037D11F /* BarItemGesturePublisher.swift in Sources */ = {isa = PBXBuildFile; fileRef = 65BB04BF2B49F2A30037D11F /* BarItemGesturePublisher.swift */; };
		65BB04C82B49F2A30037D11F /* GestureSubscription.swift in Sources */ = {isa = PBXBuildFile; fileRef = 65BB04C02B49F2A30037D11F /* GestureSubscription.swift */; };
		65BB04C92B49F2A30037D11F /* GestureType.swift in Sources */ = {isa = PBXBuildFile; fileRef = 65BB04C12B49F2A30037D11F /* GestureType.swift */; };
		65BB04CA2B49F2A30037D11F /* GesturePublisher.swift in Sources */ = {isa = PBXBuildFile; fileRef = 65BB04C22B49F2A30037D11F /* GesturePublisher.swift */; };
		65BB04CD2B49F2B30037D11F /* UIView+Combine.swift in Sources */ = {isa = PBXBuildFile; fileRef = 65BB04CC2B49F2B30037D11F /* UIView+Combine.swift */; };
		65BB04CF2B49F43B0037D11F /* ScanRoomViewController.swift in Sources */ = {isa = PBXBuildFile; fileRef = 65BB04CE2B49F43B0037D11F /* ScanRoomViewController.swift */; };
		65BB04D12B49F4460037D11F /* ScanRoomViewController+Design.swift in Sources */ = {isa = PBXBuildFile; fileRef = 65BB04D02B49F4460037D11F /* ScanRoomViewController+Design.swift */; };
		65BB04D32B49F4950037D11F /* AddVirtualObjectViewController.swift in Sources */ = {isa = PBXBuildFile; fileRef = 65BB04D22B49F4950037D11F /* AddVirtualObjectViewController.swift */; };
		65BB04D52B49F4A00037D11F /* AddVirtualObjectViewController+Design.swift in Sources */ = {isa = PBXBuildFile; fileRef = 65BB04D42B49F4A00037D11F /* AddVirtualObjectViewController+Design.swift */; };
		65BB04DA2B4AD3F30037D11F /* ScanRoomViewModel.swift in Sources */ = {isa = PBXBuildFile; fileRef = 65BB04D92B4AD3F30037D11F /* ScanRoomViewModel.swift */; };
		65BB04E02B4AFB850037D11F /* Models.scnassets in Resources */ = {isa = PBXBuildFile; fileRef = 65BB04DF2B4AFB850037D11F /* Models.scnassets */; };
		65BB04E22B4B0C990037D11F /* CGRect+Extensions.swift in Sources */ = {isa = PBXBuildFile; fileRef = 65BB04E12B4B0C990037D11F /* CGRect+Extensions.swift */; };
/* End PBXBuildFile section */

/* Begin PBXFileReference section */
		65429B362AF97DCB000062BB /* HomeViewController.swift */ = {isa = PBXFileReference; lastKnownFileType = sourcecode.swift; path = HomeViewController.swift; sourceTree = "<group>"; };
		65429B3B2AF97E40000062BB /* HomeViewController+Design.swift */ = {isa = PBXFileReference; lastKnownFileType = sourcecode.swift; path = "HomeViewController+Design.swift"; sourceTree = "<group>"; };
		6543F9792B9A3F2E00CFD43A /* HomePresenter.swift */ = {isa = PBXFileReference; lastKnownFileType = sourcecode.swift; path = HomePresenter.swift; sourceTree = "<group>"; };
		6543F9802B9A4D0300CFD43A /* LocalizableStrings.swift */ = {isa = PBXFileReference; lastKnownFileType = sourcecode.swift; path = LocalizableStrings.swift; sourceTree = "<group>"; };
		6543F9832B9A4D5F00CFD43A /* Localizable+String.swift */ = {isa = PBXFileReference; lastKnownFileType = sourcecode.swift; path = "Localizable+String.swift"; sourceTree = "<group>"; };
		6543F9852B9A4E2600CFD43A /* Localizable.xcstrings */ = {isa = PBXFileReference; lastKnownFileType = text.json.xcstrings; path = Localizable.xcstrings; sourceTree = "<group>"; };
		6543F9872B9B2E2300CFD43A /* Localizable+Strings.swift */ = {isa = PBXFileReference; lastKnownFileType = sourcecode.swift; path = "Localizable+Strings.swift"; sourceTree = "<group>"; };
		6543F9892B9B766800CFD43A /* String+Localizable.swift */ = {isa = PBXFileReference; lastKnownFileType = sourcecode.swift; path = "String+Localizable.swift"; sourceTree = "<group>"; };
		659062BF2B4B1371002C0CA7 /* ARSCNView+Extensions.swift */ = {isa = PBXFileReference; lastKnownFileType = sourcecode.swift; path = "ARSCNView+Extensions.swift"; sourceTree = "<group>"; };
		659DE2E72AF6C7B400608313 /* RoomDecor.app */ = {isa = PBXFileReference; explicitFileType = wrapper.application; includeInIndex = 0; path = RoomDecor.app; sourceTree = BUILT_PRODUCTS_DIR; };
		659DE2EA2AF6C7B400608313 /* AppDelegate.swift */ = {isa = PBXFileReference; lastKnownFileType = sourcecode.swift; path = AppDelegate.swift; sourceTree = "<group>"; };
		659DE2EC2AF6C7B400608313 /* SceneDelegate.swift */ = {isa = PBXFileReference; lastKnownFileType = sourcecode.swift; path = SceneDelegate.swift; sourceTree = "<group>"; };
		659DE2F32AF6C7B500608313 /* Assets.xcassets */ = {isa = PBXFileReference; lastKnownFileType = folder.assetcatalog; path = Assets.xcassets; sourceTree = "<group>"; };
		659DE2F82AF6C7B500608313 /* Info.plist */ = {isa = PBXFileReference; lastKnownFileType = text.plist.xml; path = Info.plist; sourceTree = "<group>"; };
		659DE31F2AF6C94B00608313 /* AppModule.swift */ = {isa = PBXFileReference; lastKnownFileType = sourcecode.swift; path = AppModule.swift; sourceTree = "<group>"; };
		659DE3212AF6C9A500608313 /* AppRouter.swift */ = {isa = PBXFileReference; lastKnownFileType = sourcecode.swift; path = AppRouter.swift; sourceTree = "<group>"; };
		65BB04B82B49F2A30037D11F /* Publisher+Extensions.swift */ = {isa = PBXFileReference; fileEncoding = 4; lastKnownFileType = sourcecode.swift; path = "Publisher+Extensions.swift"; sourceTree = "<group>"; };
		65BB04BA2B49F2A30037D11F /* UIControlPublisher.swift */ = {isa = PBXFileReference; fileEncoding = 4; lastKnownFileType = sourcecode.swift; path = UIControlPublisher.swift; sourceTree = "<group>"; };
		65BB04BB2B49F2A30037D11F /* UIControlSubscription.swift */ = {isa = PBXFileReference; fileEncoding = 4; lastKnownFileType = sourcecode.swift; path = UIControlSubscription.swift; sourceTree = "<group>"; };
		65BB04BE2B49F2A30037D11F /* BarItemGestureSubscription.swift */ = {isa = PBXFileReference; fileEncoding = 4; lastKnownFileType = sourcecode.swift; path = BarItemGestureSubscription.swift; sourceTree = "<group>"; };
		65BB04BF2B49F2A30037D11F /* BarItemGesturePublisher.swift */ = {isa = PBXFileReference; fileEncoding = 4; lastKnownFileType = sourcecode.swift; path = BarItemGesturePublisher.swift; sourceTree = "<group>"; };
		65BB04C02B49F2A30037D11F /* GestureSubscription.swift */ = {isa = PBXFileReference; fileEncoding = 4; lastKnownFileType = sourcecode.swift; path = GestureSubscription.swift; sourceTree = "<group>"; };
		65BB04C12B49F2A30037D11F /* GestureType.swift */ = {isa = PBXFileReference; fileEncoding = 4; lastKnownFileType = sourcecode.swift; path = GestureType.swift; sourceTree = "<group>"; };
		65BB04C22B49F2A30037D11F /* GesturePublisher.swift */ = {isa = PBXFileReference; fileEncoding = 4; lastKnownFileType = sourcecode.swift; path = GesturePublisher.swift; sourceTree = "<group>"; };
		65BB04CC2B49F2B30037D11F /* UIView+Combine.swift */ = {isa = PBXFileReference; lastKnownFileType = sourcecode.swift; path = "UIView+Combine.swift"; sourceTree = "<group>"; };
		65BB04CE2B49F43B0037D11F /* ScanRoomViewController.swift */ = {isa = PBXFileReference; lastKnownFileType = sourcecode.swift; path = ScanRoomViewController.swift; sourceTree = "<group>"; };
		65BB04D02B49F4460037D11F /* ScanRoomViewController+Design.swift */ = {isa = PBXFileReference; lastKnownFileType = sourcecode.swift; path = "ScanRoomViewController+Design.swift"; sourceTree = "<group>"; };
		65BB04D22B49F4950037D11F /* AddVirtualObjectViewController.swift */ = {isa = PBXFileReference; lastKnownFileType = sourcecode.swift; path = AddVirtualObjectViewController.swift; sourceTree = "<group>"; };
		65BB04D42B49F4A00037D11F /* AddVirtualObjectViewController+Design.swift */ = {isa = PBXFileReference; lastKnownFileType = sourcecode.swift; path = "AddVirtualObjectViewController+Design.swift"; sourceTree = "<group>"; };
		65BB04D92B4AD3F30037D11F /* ScanRoomViewModel.swift */ = {isa = PBXFileReference; lastKnownFileType = sourcecode.swift; path = ScanRoomViewModel.swift; sourceTree = "<group>"; };
		65BB04DF2B4AFB850037D11F /* Models.scnassets */ = {isa = PBXFileReference; lastKnownFileType = wrapper.scnassets; path = Models.scnassets; sourceTree = "<group>"; };
		65BB04E12B4B0C990037D11F /* CGRect+Extensions.swift */ = {isa = PBXFileReference; lastKnownFileType = sourcecode.swift; path = "CGRect+Extensions.swift"; sourceTree = "<group>"; };
/* End PBXFileReference section */

/* Begin PBXFrameworksBuildPhase section */
		659DE2E42AF6C7B400608313 /* Frameworks */ = {
			isa = PBXFrameworksBuildPhase;
			buildActionMask = 2147483647;
			files = (
				65429B332AF97C40000062BB /* SnapKit in Frameworks */,
				659DE31E2AF6C92C00608313 /* Resolver-Static in Frameworks */,
				659DE31C2AF6C92C00608313 /* Resolver in Frameworks */,
			);
			runOnlyForDeploymentPostprocessing = 0;
		};
/* End PBXFrameworksBuildPhase section */

/* Begin PBXGroup section */
		65429B382AF97DFA000062BB /* App */ = {
			isa = PBXGroup;
			children = (
				659DE2EA2AF6C7B400608313 /* AppDelegate.swift */,
				659DE2EC2AF6C7B400608313 /* SceneDelegate.swift */,
				659DE31F2AF6C94B00608313 /* AppModule.swift */,
				659DE2F82AF6C7B500608313 /* Info.plist */,
				659DE2F32AF6C7B500608313 /* Assets.xcassets */,
				65BB04DF2B4AFB850037D11F /* Models.scnassets */,
			);
			path = App;
			sourceTree = "<group>";
		};
		65429B392AF97E08000062BB /* Coordinator */ = {
			isa = PBXGroup;
			children = (
				659DE3212AF6C9A500608313 /* AppRouter.swift */,
			);
			path = Coordinator;
			sourceTree = "<group>";
		};
		65429B3A2AF97E14000062BB /* Views */ = {
			isa = PBXGroup;
			children = (
				65BB04D82B4AD39C0037D11F /* AddVirtualObject */,
				65BB04D72B4AD38F0037D11F /* ScanRoom */,
				65BB04D62B4AD3870037D11F /* Home */,
			);
			path = Views;
			sourceTree = "<group>";
		};
		6543F97D2B9A42CB00CFD43A /* Resources */ = {
			isa = PBXGroup;
			children = (
				6543F9802B9A4D0300CFD43A /* LocalizableStrings.swift */,
				6543F9852B9A4E2600CFD43A /* Localizable.xcstrings */,
				6543F9872B9B2E2300CFD43A /* Localizable+Strings.swift */,
			);
			path = Resources;
			sourceTree = "<group>";
		};
		6543F9822B9A4D5000CFD43A /* CoreUI */ = {
			isa = PBXGroup;
			children = (
				6543F9832B9A4D5F00CFD43A /* Localizable+String.swift */,
			);
			path = CoreUI;
			sourceTree = "<group>";
		};
		659DE2DE2AF6C7B400608313 = {
			isa = PBXGroup;
			children = (
				659DE2E92AF6C7B400608313 /* RoomDecor */,
				659DE2E82AF6C7B400608313 /* Products */,
			);
			sourceTree = "<group>";
		};
		659DE2E82AF6C7B400608313 /* Products */ = {
			isa = PBXGroup;
			children = (
				659DE2E72AF6C7B400608313 /* RoomDecor.app */,
			);
			name = Products;
			sourceTree = "<group>";
		};
		659DE2E92AF6C7B400608313 /* RoomDecor */ = {
			isa = PBXGroup;
			children = (
				6543F9822B9A4D5000CFD43A /* CoreUI */,
				65BF20D62B49F194002D95D1 /* Core */,
				65429B3A2AF97E14000062BB /* Views */,
				65429B392AF97E08000062BB /* Coordinator */,
				65429B382AF97DFA000062BB /* App */,
			);
			path = RoomDecor;
			sourceTree = "<group>";
		};
		65BB04B62B49F28A0037D11F /* Extensions */ = {
			isa = PBXGroup;
			children = (
				65BB04CC2B49F2B30037D11F /* UIView+Combine.swift */,
				65BB04E12B4B0C990037D11F /* CGRect+Extensions.swift */,
				659062BF2B4B1371002C0CA7 /* ARSCNView+Extensions.swift */,
				6543F9892B9B766800CFD43A /* String+Localizable.swift */,
			);
			path = Extensions;
			sourceTree = "<group>";
		};
		65BB04B72B49F2A30037D11F /* Combine */ = {
			isa = PBXGroup;
			children = (
				65BB04B82B49F2A30037D11F /* Publisher+Extensions.swift */,
				65BB04B92B49F2A30037D11F /* UIControl */,
				65BB04BC2B49F2A30037D11F /* Gesture */,
			);
			path = Combine;
			sourceTree = "<group>";
		};
		65BB04B92B49F2A30037D11F /* UIControl */ = {
			isa = PBXGroup;
			children = (
				65BB04BA2B49F2A30037D11F /* UIControlPublisher.swift */,
				65BB04BB2B49F2A30037D11F /* UIControlSubscription.swift */,
			);
			path = UIControl;
			sourceTree = "<group>";
		};
		65BB04BC2B49F2A30037D11F /* Gesture */ = {
			isa = PBXGroup;
			children = (
				65BB04BD2B49F2A30037D11F /* BarItem */,
				65BB04C02B49F2A30037D11F /* GestureSubscription.swift */,
				65BB04C12B49F2A30037D11F /* GestureType.swift */,
				65BB04C22B49F2A30037D11F /* GesturePublisher.swift */,
			);
			path = Gesture;
			sourceTree = "<group>";
		};
		65BB04BD2B49F2A30037D11F /* BarItem */ = {
			isa = PBXGroup;
			children = (
				65BB04BE2B49F2A30037D11F /* BarItemGestureSubscription.swift */,
				65BB04BF2B49F2A30037D11F /* BarItemGesturePublisher.swift */,
			);
			path = BarItem;
			sourceTree = "<group>";
		};
		65BB04D62B4AD3870037D11F /* Home */ = {
			isa = PBXGroup;
			children = (
				65429B362AF97DCB000062BB /* HomeViewController.swift */,
				65429B3B2AF97E40000062BB /* HomeViewController+Design.swift */,
				6543F9792B9A3F2E00CFD43A /* HomePresenter.swift */,
			);
			path = Home;
			sourceTree = "<group>";
		};
		65BB04D72B4AD38F0037D11F /* ScanRoom */ = {
			isa = PBXGroup;
			children = (
				65BB04CE2B49F43B0037D11F /* ScanRoomViewController.swift */,
				65BB04D02B49F4460037D11F /* ScanRoomViewController+Design.swift */,
				65BB04D92B4AD3F30037D11F /* ScanRoomViewModel.swift */,
			);
			path = ScanRoom;
			sourceTree = "<group>";
		};
		65BB04D82B4AD39C0037D11F /* AddVirtualObject */ = {
			isa = PBXGroup;
			children = (
				65BB04D22B49F4950037D11F /* AddVirtualObjectViewController.swift */,
				65BB04D42B49F4A00037D11F /* AddVirtualObjectViewController+Design.swift */,
			);
			path = AddVirtualObject;
			sourceTree = "<group>";
		};
		65BF20D62B49F194002D95D1 /* Core */ = {
			isa = PBXGroup;
			children = (
				6543F97D2B9A42CB00CFD43A /* Resources */,
				65BB04B72B49F2A30037D11F /* Combine */,
				65BB04B62B49F28A0037D11F /* Extensions */,
			);
			path = Core;
			sourceTree = "<group>";
		};
/* End PBXGroup section */

/* Begin PBXNativeTarget section */
		659DE2E62AF6C7B400608313 /* RoomDecor */ = {
			isa = PBXNativeTarget;
			buildConfigurationList = 659DE3112AF6C7B500608313 /* Build configuration list for PBXNativeTarget "RoomDecor" */;
			buildPhases = (
				659DE3272AF6D0B500608313 /* SwiftLint Check */,
				659DE2E32AF6C7B400608313 /* Sources */,
				659DE2E42AF6C7B400608313 /* Frameworks */,
				659DE2E52AF6C7B400608313 /* Resources */,
			);
			buildRules = (
			);
			dependencies = (
			);
			name = RoomDecor;
			packageProductDependencies = (
				659DE31B2AF6C92C00608313 /* Resolver */,
				659DE31D2AF6C92C00608313 /* Resolver-Static */,
				65429B322AF97C40000062BB /* SnapKit */,
			);
			productName = RoomDecor;
			productReference = 659DE2E72AF6C7B400608313 /* RoomDecor.app */;
			productType = "com.apple.product-type.application";
		};
/* End PBXNativeTarget section */

/* Begin PBXProject section */
		659DE2DF2AF6C7B400608313 /* Project object */ = {
			isa = PBXProject;
			attributes = {
				BuildIndependentTargetsInParallel = 1;
				LastSwiftUpdateCheck = 1500;
				LastUpgradeCheck = 1500;
				TargetAttributes = {
					659DE2E62AF6C7B400608313 = {
						CreatedOnToolsVersion = 15.0;
					};
				};
			};
			buildConfigurationList = 659DE2E22AF6C7B400608313 /* Build configuration list for PBXProject "RoomDecor" */;
			compatibilityVersion = "Xcode 14.0";
			developmentRegion = en;
			hasScannedForEncodings = 0;
			knownRegions = (
				en,
				Base,
				hr,
				de,
			);
			mainGroup = 659DE2DE2AF6C7B400608313;
			packageReferences = (
				659DE31A2AF6C92C00608313 /* XCRemoteSwiftPackageReference "Resolver" */,
				65429B312AF97C40000062BB /* XCRemoteSwiftPackageReference "SnapKit" */,
			);
			productRefGroup = 659DE2E82AF6C7B400608313 /* Products */;
			projectDirPath = "";
			projectRoot = "";
			targets = (
				659DE2E62AF6C7B400608313 /* RoomDecor */,
			);
		};
/* End PBXProject section */

/* Begin PBXResourcesBuildPhase section */
		659DE2E52AF6C7B400608313 /* Resources */ = {
			isa = PBXResourcesBuildPhase;
			buildActionMask = 2147483647;
			files = (
				659DE2F42AF6C7B500608313 /* Assets.xcassets in Resources */,
				65BB04E02B4AFB850037D11F /* Models.scnassets in Resources */,
				6543F9862B9A4E2600CFD43A /* Localizable.xcstrings in Resources */,
			);
			runOnlyForDeploymentPostprocessing = 0;
		};
/* End PBXResourcesBuildPhase section */

/* Begin PBXShellScriptBuildPhase section */
		659DE3272AF6D0B500608313 /* SwiftLint Check */ = {
			isa = PBXShellScriptBuildPhase;
			alwaysOutOfDate = 1;
			buildActionMask = 2147483647;
			files = (
			);
			inputFileListPaths = (
			);
			inputPaths = (
			);
			name = "SwiftLint Check";
			outputFileListPaths = (
			);
			outputPaths = (
			);
			runOnlyForDeploymentPostprocessing = 0;
			shellPath = /bin/sh;
			shellScript = "# Adds support for Apple Silicon brew directory\nexport PATH=\"$PATH:/opt/homebrew/bin\"\n\nif which swiftlint >/dev/null; then\n  swiftlint\nelse\n  echo \"warning: SwiftLint not installed, download from https://github.com/realm/SwiftLint\"\nfi\n";
		};
/* End PBXShellScriptBuildPhase section */

/* Begin PBXSourcesBuildPhase section */
		659DE2E32AF6C7B400608313 /* Sources */ = {
			isa = PBXSourcesBuildPhase;
			buildActionMask = 2147483647;
			files = (
				65BB04D12B49F4460037D11F /* ScanRoomViewController+Design.swift in Sources */,
				6543F9882B9B2E2300CFD43A /* Localizable+Strings.swift in Sources */,
				65BB04C82B49F2A30037D11F /* GestureSubscription.swift in Sources */,
				6543F97A2B9A3F2E00CFD43A /* HomePresenter.swift in Sources */,
				65BB04C72B49F2A30037D11F /* BarItemGesturePublisher.swift in Sources */,
				65BB04D52B49F4A00037D11F /* AddVirtualObjectViewController+Design.swift in Sources */,
				65BB04E22B4B0C990037D11F /* CGRect+Extensions.swift in Sources */,
				65BB04C42B49F2A30037D11F /* UIControlPublisher.swift in Sources */,
				65BB04C52B49F2A30037D11F /* UIControlSubscription.swift in Sources */,
				6543F9842B9A4D5F00CFD43A /* Localizable+String.swift in Sources */,
				6543F9812B9A4D0300CFD43A /* LocalizableStrings.swift in Sources */,
				65BB04CA2B49F2A30037D11F /* GesturePublisher.swift in Sources */,
				65BB04DA2B4AD3F30037D11F /* ScanRoomViewModel.swift in Sources */,
				65BB04CF2B49F43B0037D11F /* ScanRoomViewController.swift in Sources */,
				659DE3202AF6C94B00608313 /* AppModule.swift in Sources */,
				65BB04C92B49F2A30037D11F /* GestureType.swift in Sources */,
				6543F98A2B9B766800CFD43A /* String+Localizable.swift in Sources */,
				659DE2EB2AF6C7B400608313 /* AppDelegate.swift in Sources */,
				65BB04C32B49F2A30037D11F /* Publisher+Extensions.swift in Sources */,
				659DE3222AF6C9A500608313 /* AppRouter.swift in Sources */,
				659062C02B4B1371002C0CA7 /* ARSCNView+Extensions.swift in Sources */,
				65BB04CD2B49F2B30037D11F /* UIView+Combine.swift in Sources */,
				65429B372AF97DCB000062BB /* HomeViewController.swift in Sources */,
				659DE2ED2AF6C7B400608313 /* SceneDelegate.swift in Sources */,
				65BB04C62B49F2A30037D11F /* BarItemGestureSubscription.swift in Sources */,
				65BB04D32B49F4950037D11F /* AddVirtualObjectViewController.swift in Sources */,
				65429B3C2AF97E40000062BB /* HomeViewController+Design.swift in Sources */,
			);
			runOnlyForDeploymentPostprocessing = 0;
		};
/* End PBXSourcesBuildPhase section */

/* Begin XCBuildConfiguration section */
		659DE30F2AF6C7B500608313 /* Debug */ = {
			isa = XCBuildConfiguration;
			buildSettings = {
				ALWAYS_SEARCH_USER_PATHS = NO;
				ASSETCATALOG_COMPILER_GENERATE_SWIFT_ASSET_SYMBOL_EXTENSIONS = YES;
				CLANG_ANALYZER_NONNULL = YES;
				CLANG_ANALYZER_NUMBER_OBJECT_CONVERSION = YES_AGGRESSIVE;
				CLANG_CXX_LANGUAGE_STANDARD = "gnu++20";
				CLANG_ENABLE_MODULES = YES;
				CLANG_ENABLE_OBJC_ARC = YES;
				CLANG_ENABLE_OBJC_WEAK = YES;
				CLANG_WARN_BLOCK_CAPTURE_AUTORELEASING = YES;
				CLANG_WARN_BOOL_CONVERSION = YES;
				CLANG_WARN_COMMA = YES;
				CLANG_WARN_CONSTANT_CONVERSION = YES;
				CLANG_WARN_DEPRECATED_OBJC_IMPLEMENTATIONS = YES;
				CLANG_WARN_DIRECT_OBJC_ISA_USAGE = YES_ERROR;
				CLANG_WARN_DOCUMENTATION_COMMENTS = YES;
				CLANG_WARN_EMPTY_BODY = YES;
				CLANG_WARN_ENUM_CONVERSION = YES;
				CLANG_WARN_INFINITE_RECURSION = YES;
				CLANG_WARN_INT_CONVERSION = YES;
				CLANG_WARN_NON_LITERAL_NULL_CONVERSION = YES;
				CLANG_WARN_OBJC_IMPLICIT_RETAIN_SELF = YES;
				CLANG_WARN_OBJC_LITERAL_CONVERSION = YES;
				CLANG_WARN_OBJC_ROOT_CLASS = YES_ERROR;
				CLANG_WARN_QUOTED_INCLUDE_IN_FRAMEWORK_HEADER = YES;
				CLANG_WARN_RANGE_LOOP_ANALYSIS = YES;
				CLANG_WARN_STRICT_PROTOTYPES = YES;
				CLANG_WARN_SUSPICIOUS_MOVE = YES;
				CLANG_WARN_UNGUARDED_AVAILABILITY = YES_AGGRESSIVE;
				CLANG_WARN_UNREACHABLE_CODE = YES;
				CLANG_WARN__DUPLICATE_METHOD_MATCH = YES;
				COPY_PHASE_STRIP = NO;
				DEBUG_INFORMATION_FORMAT = dwarf;
				ENABLE_STRICT_OBJC_MSGSEND = YES;
				ENABLE_TESTABILITY = YES;
				ENABLE_USER_SCRIPT_SANDBOXING = YES;
				GCC_C_LANGUAGE_STANDARD = gnu17;
				GCC_DYNAMIC_NO_PIC = NO;
				GCC_NO_COMMON_BLOCKS = YES;
				GCC_OPTIMIZATION_LEVEL = 0;
				GCC_PREPROCESSOR_DEFINITIONS = (
					"DEBUG=1",
					"$(inherited)",
				);
				GCC_WARN_64_TO_32_BIT_CONVERSION = YES;
				GCC_WARN_ABOUT_RETURN_TYPE = YES_ERROR;
				GCC_WARN_UNDECLARED_SELECTOR = YES;
				GCC_WARN_UNINITIALIZED_AUTOS = YES_AGGRESSIVE;
				GCC_WARN_UNUSED_FUNCTION = YES;
				GCC_WARN_UNUSED_VARIABLE = YES;
				IPHONEOS_DEPLOYMENT_TARGET = 17.0;
				LOCALIZATION_PREFERS_STRING_CATALOGS = YES;
				MTL_ENABLE_DEBUG_INFO = INCLUDE_SOURCE;
				MTL_FAST_MATH = YES;
				ONLY_ACTIVE_ARCH = YES;
				SDKROOT = iphoneos;
				SWIFT_ACTIVE_COMPILATION_CONDITIONS = "DEBUG $(inherited)";
				SWIFT_OPTIMIZATION_LEVEL = "-Onone";
			};
			name = Debug;
		};
		659DE3102AF6C7B500608313 /* Release */ = {
			isa = XCBuildConfiguration;
			buildSettings = {
				ALWAYS_SEARCH_USER_PATHS = NO;
				ASSETCATALOG_COMPILER_GENERATE_SWIFT_ASSET_SYMBOL_EXTENSIONS = YES;
				CLANG_ANALYZER_NONNULL = YES;
				CLANG_ANALYZER_NUMBER_OBJECT_CONVERSION = YES_AGGRESSIVE;
				CLANG_CXX_LANGUAGE_STANDARD = "gnu++20";
				CLANG_ENABLE_MODULES = YES;
				CLANG_ENABLE_OBJC_ARC = YES;
				CLANG_ENABLE_OBJC_WEAK = YES;
				CLANG_WARN_BLOCK_CAPTURE_AUTORELEASING = YES;
				CLANG_WARN_BOOL_CONVERSION = YES;
				CLANG_WARN_COMMA = YES;
				CLANG_WARN_CONSTANT_CONVERSION = YES;
				CLANG_WARN_DEPRECATED_OBJC_IMPLEMENTATIONS = YES;
				CLANG_WARN_DIRECT_OBJC_ISA_USAGE = YES_ERROR;
				CLANG_WARN_DOCUMENTATION_COMMENTS = YES;
				CLANG_WARN_EMPTY_BODY = YES;
				CLANG_WARN_ENUM_CONVERSION = YES;
				CLANG_WARN_INFINITE_RECURSION = YES;
				CLANG_WARN_INT_CONVERSION = YES;
				CLANG_WARN_NON_LITERAL_NULL_CONVERSION = YES;
				CLANG_WARN_OBJC_IMPLICIT_RETAIN_SELF = YES;
				CLANG_WARN_OBJC_LITERAL_CONVERSION = YES;
				CLANG_WARN_OBJC_ROOT_CLASS = YES_ERROR;
				CLANG_WARN_QUOTED_INCLUDE_IN_FRAMEWORK_HEADER = YES;
				CLANG_WARN_RANGE_LOOP_ANALYSIS = YES;
				CLANG_WARN_STRICT_PROTOTYPES = YES;
				CLANG_WARN_SUSPICIOUS_MOVE = YES;
				CLANG_WARN_UNGUARDED_AVAILABILITY = YES_AGGRESSIVE;
				CLANG_WARN_UNREACHABLE_CODE = YES;
				CLANG_WARN__DUPLICATE_METHOD_MATCH = YES;
				COPY_PHASE_STRIP = NO;
				DEBUG_INFORMATION_FORMAT = "dwarf-with-dsym";
				ENABLE_NS_ASSERTIONS = NO;
				ENABLE_STRICT_OBJC_MSGSEND = YES;
				ENABLE_USER_SCRIPT_SANDBOXING = YES;
				GCC_C_LANGUAGE_STANDARD = gnu17;
				GCC_NO_COMMON_BLOCKS = YES;
				GCC_WARN_64_TO_32_BIT_CONVERSION = YES;
				GCC_WARN_ABOUT_RETURN_TYPE = YES_ERROR;
				GCC_WARN_UNDECLARED_SELECTOR = YES;
				GCC_WARN_UNINITIALIZED_AUTOS = YES_AGGRESSIVE;
				GCC_WARN_UNUSED_FUNCTION = YES;
				GCC_WARN_UNUSED_VARIABLE = YES;
				IPHONEOS_DEPLOYMENT_TARGET = 17.0;
				LOCALIZATION_PREFERS_STRING_CATALOGS = YES;
				MTL_ENABLE_DEBUG_INFO = NO;
				MTL_FAST_MATH = YES;
				SDKROOT = iphoneos;
				SWIFT_COMPILATION_MODE = wholemodule;
				VALIDATE_PRODUCT = YES;
			};
			name = Release;
		};
		659DE3122AF6C7B500608313 /* Debug */ = {
			isa = XCBuildConfiguration;
			buildSettings = {
				ASSETCATALOG_COMPILER_APPICON_NAME = AppIcon;
				ASSETCATALOG_COMPILER_GLOBAL_ACCENT_COLOR_NAME = AccentColor;
				CODE_SIGN_STYLE = Automatic;
				CURRENT_PROJECT_VERSION = 1;
				DEVELOPMENT_TEAM = 4729CGQSC7;
				ENABLE_USER_SCRIPT_SANDBOXING = NO;
				GENERATE_INFOPLIST_FILE = YES;
				INFOPLIST_FILE = RoomDecor/App/Info.plist;
				INFOPLIST_KEY_UIApplicationSupportsIndirectInputEvents = YES;
				INFOPLIST_KEY_UILaunchStoryboardName = LaunchScreen;
				INFOPLIST_KEY_UIMainStoryboardFile = Main;
				INFOPLIST_KEY_UISupportedInterfaceOrientations_iPad = "UIInterfaceOrientationPortrait UIInterfaceOrientationPortraitUpsideDown UIInterfaceOrientationLandscapeLeft UIInterfaceOrientationLandscapeRight";
				INFOPLIST_KEY_UISupportedInterfaceOrientations_iPhone = "UIInterfaceOrientationPortrait UIInterfaceOrientationLandscapeLeft UIInterfaceOrientationLandscapeRight";
				LD_RUNPATH_SEARCH_PATHS = (
					"$(inherited)",
					"@executable_path/Frameworks",
				);
				MARKETING_VERSION = 1.0;
				PRODUCT_BUNDLE_IDENTIFIER = com.antoniomarkotic.RoomDecor;
				PRODUCT_NAME = "$(TARGET_NAME)";
				SWIFT_EMIT_LOC_STRINGS = YES;
				SWIFT_VERSION = 5.0;
				TARGETED_DEVICE_FAMILY = "1,2";
			};
			name = Debug;
		};
		659DE3132AF6C7B500608313 /* Release */ = {
			isa = XCBuildConfiguration;
			buildSettings = {
				ASSETCATALOG_COMPILER_APPICON_NAME = AppIcon;
				ASSETCATALOG_COMPILER_GLOBAL_ACCENT_COLOR_NAME = AccentColor;
				CODE_SIGN_STYLE = Automatic;
				CURRENT_PROJECT_VERSION = 1;
				DEVELOPMENT_TEAM = 4729CGQSC7;
				ENABLE_USER_SCRIPT_SANDBOXING = NO;
				GENERATE_INFOPLIST_FILE = YES;
				INFOPLIST_FILE = RoomDecor/App/Info.plist;
				INFOPLIST_KEY_UIApplicationSupportsIndirectInputEvents = YES;
				INFOPLIST_KEY_UILaunchStoryboardName = LaunchScreen;
				INFOPLIST_KEY_UIMainStoryboardFile = Main;
				INFOPLIST_KEY_UISupportedInterfaceOrientations_iPad = "UIInterfaceOrientationPortrait UIInterfaceOrientationPortraitUpsideDown UIInterfaceOrientationLandscapeLeft UIInterfaceOrientationLandscapeRight";
				INFOPLIST_KEY_UISupportedInterfaceOrientations_iPhone = "UIInterfaceOrientationPortrait UIInterfaceOrientationLandscapeLeft UIInterfaceOrientationLandscapeRight";
				LD_RUNPATH_SEARCH_PATHS = (
					"$(inherited)",
					"@executable_path/Frameworks",
				);
				MARKETING_VERSION = 1.0;
				PRODUCT_BUNDLE_IDENTIFIER = com.antoniomarkotic.RoomDecor;
				PRODUCT_NAME = "$(TARGET_NAME)";
				SWIFT_EMIT_LOC_STRINGS = YES;
				SWIFT_VERSION = 5.0;
				TARGETED_DEVICE_FAMILY = "1,2";
			};
			name = Release;
		};
/* End XCBuildConfiguration section */

/* Begin XCConfigurationList section */
		659DE2E22AF6C7B400608313 /* Build configuration list for PBXProject "RoomDecor" */ = {
			isa = XCConfigurationList;
			buildConfigurations = (
				659DE30F2AF6C7B500608313 /* Debug */,
				659DE3102AF6C7B500608313 /* Release */,
			);
			defaultConfigurationIsVisible = 0;
			defaultConfigurationName = Release;
		};
		659DE3112AF6C7B500608313 /* Build configuration list for PBXNativeTarget "RoomDecor" */ = {
			isa = XCConfigurationList;
			buildConfigurations = (
				659DE3122AF6C7B500608313 /* Debug */,
				659DE3132AF6C7B500608313 /* Release */,
			);
			defaultConfigurationIsVisible = 0;
			defaultConfigurationName = Release;
		};
/* End XCConfigurationList section */

/* Begin XCRemoteSwiftPackageReference section */
		65429B312AF97C40000062BB /* XCRemoteSwiftPackageReference "SnapKit" */ = {
			isa = XCRemoteSwiftPackageReference;
			repositoryURL = "https://github.com/SnapKit/SnapKit";
			requirement = {
				kind = upToNextMajorVersion;
				minimumVersion = 5.6.0;
			};
		};
		659DE31A2AF6C92C00608313 /* XCRemoteSwiftPackageReference "Resolver" */ = {
			isa = XCRemoteSwiftPackageReference;
			repositoryURL = "https://github.com/hmlongco/Resolver";
			requirement = {
				kind = upToNextMajorVersion;
				minimumVersion = 1.5.0;
			};
		};
/* End XCRemoteSwiftPackageReference section */

/* Begin XCSwiftPackageProductDependency section */
		65429B322AF97C40000062BB /* SnapKit */ = {
			isa = XCSwiftPackageProductDependency;
			package = 65429B312AF97C40000062BB /* XCRemoteSwiftPackageReference "SnapKit" */;
			productName = SnapKit;
		};
		659DE31B2AF6C92C00608313 /* Resolver */ = {
			isa = XCSwiftPackageProductDependency;
			package = 659DE31A2AF6C92C00608313 /* XCRemoteSwiftPackageReference "Resolver" */;
			productName = Resolver;
		};
		659DE31D2AF6C92C00608313 /* Resolver-Static */ = {
			isa = XCSwiftPackageProductDependency;
			package = 659DE31A2AF6C92C00608313 /* XCRemoteSwiftPackageReference "Resolver" */;
			productName = "Resolver-Static";
		};
/* End XCSwiftPackageProductDependency section */
	};
	rootObject = 659DE2DF2AF6C7B400608313 /* Project object */;
}
